
Microsoft Visual Studio Solution File, Format Version 12.00
# Visual Studio Version 17
VisualStudioVersion = 17.9.34728.123
MinimumVisualStudioVersion = 10.0.40219.1
Project("{FAE04EC0-301F-11D3-BF4B-00C04F79EFBC}") = "API", "API\API.csproj", "{A64283F7-4481-4624-AB7E-1FE44429409E}"
EndProject
Global
	GlobalSection(SolutionConfigurationPlatforms) = preSolution
		Debug|Any CPU = Debug|Any CPU
		Release|Any CPU = Release|Any CPU
	EndGlobalSection
	GlobalSection(ProjectConfigurationPlatforms) = postSolution
		{A64283F7-4481-4624-AB7E-1FE44429409E}.Debug|Any CPU.ActiveCfg = Debug|Any CPU
		{A64283F7-4481-4624-AB7E-1FE44429409E}.Debug|Any CPU.Build.0 = Debug|Any CPU
		{A64283F7-4481-4624-AB7E-1FE44429409E}.Release|Any CPU.ActiveCfg = Release|Any CPU
		{A64283F7-4481-4624-AB7E-1FE44429409E}.Release|Any CPU.Build.0 = Release|Any CPU
	EndGlobalSection
	GlobalSection(SolutionProperties) = preSolution
		HideSolutionNode = FALSE
	EndGlobalSection
	GlobalSection(ExtensibilityGlobals) = postSolution
		SolutionGuid = {D27C9E0A-803F-40FC-83BC-B5F95E15AF61}
	EndGlobalSection
EndGlobal
